
Microsoft Visual Studio Solution File, Format Version 12.00
# Visual Studio 14
VisualStudioVersion = 14.0.23107.0
MinimumVisualStudioVersion = 10.0.40219.1
Project("{FAE04EC0-301F-11D3-BF4B-00C04F79EFBC}") = "TcpServer", "TcpIp\TcpServer.csproj", "{65285002-FA76-400F-8E44-A9E9C085C8F6}"
EndProject
Project("{FAE04EC0-301F-11D3-BF4B-00C04F79EFBC}") = "TcpClient", "TcpClient\TcpClient.csproj", "{036D4099-1141-4B88-8923-198522958808}"
EndProject
Global
	GlobalSection(SolutionConfigurationPlatforms) = preSolution
		Debug|Any CPU = Debug|Any CPU
		Release|Any CPU = Release|Any CPU
	EndGlobalSection
	GlobalSection(ProjectConfigurationPlatforms) = postSolution
		{65285002-FA76-400F-8E44-A9E9C085C8F6}.Debug|Any CPU.ActiveCfg = Debug|Any CPU
		{65285002-FA76-400F-8E44-A9E9C085C8F6}.Debug|Any CPU.Build.0 = Debug|Any CPU
		{65285002-FA76-400F-8E44-A9E9C085C8F6}.Release|Any CPU.ActiveCfg = Release|Any CPU
		{65285002-FA76-400F-8E44-A9E9C085C8F6}.Release|Any CPU.Build.0 = Release|Any CPU
		{036D4099-1141-4B88-8923-198522958808}.Debug|Any CPU.ActiveCfg = Debug|Any CPU
		{036D4099-1141-4B88-8923-198522958808}.Debug|Any CPU.Build.0 = Debug|Any CPU
		{036D4099-1141-4B88-8923-198522958808}.Release|Any CPU.ActiveCfg = Release|Any CPU
		{036D4099-1141-4B88-8923-198522958808}.Release|Any CPU.Build.0 = Release|Any CPU
	EndGlobalSection
	GlobalSection(SolutionProperties) = preSolution
		HideSolutionNode = FALSE
	EndGlobalSection
EndGlobal
